// !$*UTF8*$!
{
	archiveVersion = 1;
	classes = {
	};
	objectVersion = 50;
	objects = {

/* Begin PBXBuildFile section */
		9415E5E92260039D00D92EF3 /* CategoryViewController.swift in Sources */ = {isa = PBXBuildFile; fileRef = 9415E5E82260039D00D92EF3 /* CategoryViewController.swift */; };
		9416E111220BA5F3009DD37F /* AppDelegate.swift in Sources */ = {isa = PBXBuildFile; fileRef = 9416E110220BA5F3009DD37F /* AppDelegate.swift */; };
		9416E113220BA5F3009DD37F /* TodoListViewController.swift in Sources */ = {isa = PBXBuildFile; fileRef = 9416E112220BA5F3009DD37F /* TodoListViewController.swift */; };
		9416E116220BA5F3009DD37F /* Main.storyboard in Resources */ = {isa = PBXBuildFile; fileRef = 9416E114220BA5F3009DD37F /* Main.storyboard */; };
		9416E118220BA5F5009DD37F /* Assets.xcassets in Resources */ = {isa = PBXBuildFile; fileRef = 9416E117220BA5F5009DD37F /* Assets.xcassets */; };
		9416E11B220BA5F5009DD37F /* LaunchScreen.storyboard in Resources */ = {isa = PBXBuildFile; fileRef = 9416E119220BA5F5009DD37F /* LaunchScreen.storyboard */; };
		9493E210225F254B007203BE /* DataModel.xcdatamodeld in Sources */ = {isa = PBXBuildFile; fileRef = 9493E20E225F254B007203BE /* DataModel.xcdatamodeld */; };
/* End PBXBuildFile section */

/* Begin PBXFileReference section */
		9415E5E82260039D00D92EF3 /* CategoryViewController.swift */ = {isa = PBXFileReference; lastKnownFileType = sourcecode.swift; path = CategoryViewController.swift; sourceTree = "<group>"; };
		9416E10D220BA5F3009DD37F /* Todoey.app */ = {isa = PBXFileReference; explicitFileType = wrapper.application; includeInIndex = 0; path = Todoey.app; sourceTree = BUILT_PRODUCTS_DIR; };
		9416E110220BA5F3009DD37F /* AppDelegate.swift */ = {isa = PBXFileReference; lastKnownFileType = sourcecode.swift; path = AppDelegate.swift; sourceTree = "<group>"; };
		9416E112220BA5F3009DD37F /* TodoListViewController.swift */ = {isa = PBXFileReference; lastKnownFileType = sourcecode.swift; path = TodoListViewController.swift; sourceTree = "<group>"; };
		9416E115220BA5F3009DD37F /* Base */ = {isa = PBXFileReference; lastKnownFileType = file.storyboard; name = Base; path = Base.lproj/Main.storyboard; sourceTree = "<group>"; };
		9416E117220BA5F5009DD37F /* Assets.xcassets */ = {isa = PBXFileReference; lastKnownFileType = folder.assetcatalog; path = Assets.xcassets; sourceTree = "<group>"; };
		9416E11A220BA5F5009DD37F /* Base */ = {isa = PBXFileReference; lastKnownFileType = file.storyboard; name = Base; path = Base.lproj/LaunchScreen.storyboard; sourceTree = "<group>"; };
		9416E11C220BA5F5009DD37F /* Info.plist */ = {isa = PBXFileReference; lastKnownFileType = text.plist.xml; path = Info.plist; sourceTree = "<group>"; };
		9493E20F225F254B007203BE /* DataModel.xcdatamodel */ = {isa = PBXFileReference; lastKnownFileType = wrapper.xcdatamodel; path = DataModel.xcdatamodel; sourceTree = "<group>"; };
/* End PBXFileReference section */

/* Begin PBXFrameworksBuildPhase section */
		9416E10A220BA5F3009DD37F /* Frameworks */ = {
			isa = PBXFrameworksBuildPhase;
			buildActionMask = 2147483647;
			files = (
			);
			runOnlyForDeploymentPostprocessing = 0;
		};
/* End PBXFrameworksBuildPhase section */

/* Begin PBXGroup section */
		9416E104220BA5F3009DD37F = {
			isa = PBXGroup;
			children = (
				9416E10F220BA5F3009DD37F /* Todoey */,
				9416E10E220BA5F3009DD37F /* Products */,
			);
			sourceTree = "<group>";
		};
		9416E10E220BA5F3009DD37F /* Products */ = {
			isa = PBXGroup;
			children = (
				9416E10D220BA5F3009DD37F /* Todoey.app */,
			);
			name = Products;
			sourceTree = "<group>";
		};
		9416E10F220BA5F3009DD37F /* Todoey */ = {
			isa = PBXGroup;
			children = (
				9416E110220BA5F3009DD37F /* AppDelegate.swift */,
				94A298372225B57200CAB6F1 /* Controller */,
				94A298362225B55300CAB6F1 /* Data Model */,
				94A298382225B58F00CAB6F1 /* Views */,
				94A298392225B59E00CAB6F1 /* Supporting Files */,
				9416E11C220BA5F5009DD37F /* Info.plist */,
			);
			path = Todoey;
			sourceTree = "<group>";
		};
		94A298362225B55300CAB6F1 /* Data Model */ = {
			isa = PBXGroup;
			children = (
				9493E20E225F254B007203BE /* DataModel.xcdatamodeld */,
			);
			path = "Data Model";
			sourceTree = "<group>";
		};
		94A298372225B57200CAB6F1 /* Controller */ = {
			isa = PBXGroup;
			children = (
				9415E5E82260039D00D92EF3 /* CategoryViewController.swift */,
				9416E112220BA5F3009DD37F /* TodoListViewController.swift */,
			);
			path = Controller;
			sourceTree = "<group>";
		};
		94A298382225B58F00CAB6F1 /* Views */ = {
			isa = PBXGroup;
			children = (
				9416E114220BA5F3009DD37F /* Main.storyboard */,
			);
			path = Views;
			sourceTree = "<group>";
		};
		94A298392225B59E00CAB6F1 /* Supporting Files */ = {
			isa = PBXGroup;
			children = (
				9416E117220BA5F5009DD37F /* Assets.xcassets */,
				9416E119220BA5F5009DD37F /* LaunchScreen.storyboard */,
			);
			path = "Supporting Files";
			sourceTree = "<group>";
		};
/* End PBXGroup section */

/* Begin PBXNativeTarget section */
		9416E10C220BA5F3009DD37F /* Todoey */ = {
			isa = PBXNativeTarget;
			buildConfigurationList = 9416E11F220BA5F5009DD37F /* Build configuration list for PBXNativeTarget "Todoey" */;
			buildPhases = (
				9416E109220BA5F3009DD37F /* Sources */,
				9416E10A220BA5F3009DD37F /* Frameworks */,
				9416E10B220BA5F3009DD37F /* Resources */,
			);
			buildRules = (
			);
			dependencies = (
			);
			name = Todoey;
			productName = Todoey;
			productReference = 9416E10D220BA5F3009DD37F /* Todoey.app */;
			productType = "com.apple.product-type.application";
		};
/* End PBXNativeTarget section */

/* Begin PBXProject section */
		9416E105220BA5F3009DD37F /* Project object */ = {
			isa = PBXProject;
			attributes = {
				LastSwiftUpdateCheck = 1010;
				LastUpgradeCheck = 1010;
				ORGANIZATIONNAME = "Keagan Bradley";
				TargetAttributes = {
					9416E10C220BA5F3009DD37F = {
						CreatedOnToolsVersion = 10.1;
					};
				};
			};
			buildConfigurationList = 9416E108220BA5F3009DD37F /* Build configuration list for PBXProject "Todoey" */;
			compatibilityVersion = "Xcode 9.3";
			developmentRegion = en;
			hasScannedForEncodings = 0;
			knownRegions = (
				en,
				Base,
			);
			mainGroup = 9416E104220BA5F3009DD37F;
			productRefGroup = 9416E10E220BA5F3009DD37F /* Products */;
			projectDirPath = "";
			projectRoot = "";
			targets = (
				9416E10C220BA5F3009DD37F /* Todoey */,
			);
		};
/* End PBXProject section */

/* Begin PBXResourcesBuildPhase section */
		9416E10B220BA5F3009DD37F /* Resources */ = {
			isa = PBXResourcesBuildPhase;
			buildActionMask = 2147483647;
			files = (
				9416E11B220BA5F5009DD37F /* LaunchScreen.storyboard in Resources */,
				9416E118220BA5F5009DD37F /* Assets.xcassets in Resources */,
				9416E116220BA5F3009DD37F /* Main.storyboard in Resources */,
			);
			runOnlyForDeploymentPostprocessing = 0;
		};
/* End PBXResourcesBuildPhase section */

/* Begin PBXSourcesBuildPhase section */
		9416E109220BA5F3009DD37F /* Sources */ = {
			isa = PBXSourcesBuildPhase;
			buildActionMask = 2147483647;
			files = (
				9415E5E92260039D00D92EF3 /* CategoryViewController.swift in Sources */,
				9416E113220BA5F3009DD37F /* TodoListViewController.swift in Sources */,
				9493E210225F254B007203BE /* DataModel.xcdatamodeld in Sources */,
				9416E111220BA5F3009DD37F /* AppDelegate.swift in Sources */,
			);
			runOnlyForDeploymentPostprocessing = 0;
		};
/* End PBXSourcesBuildPhase section */

/* Begin PBXVariantGroup section */
		9416E114220BA5F3009DD37F /* Main.storyboard */ = {
			isa = PBXVariantGroup;
			children = (
				9416E115220BA5F3009DD37F /* Base */,
			);
			name = Main.storyboard;
			sourceTree = "<group>";
		};
		9416E119220BA5F5009DD37F /* LaunchScreen.storyboard */ = {
			isa = PBXVariantGroup;
			children = (
				9416E11A220BA5F5009DD37F /* Base */,
			);
			name = LaunchScreen.storyboard;
			sourceTree = "<group>";
		};
/* End PBXVariantGroup section */

/* Begin XCBuildConfiguration section */
		9416E11D220BA5F5009DD37F /* Debug */ = {
			isa = XCBuildConfiguration;
			buildSettings = {
				ALWAYS_SEARCH_USER_PATHS = NO;
				CLANG_ANALYZER_NONNULL = YES;
				CLANG_ANALYZER_NUMBER_OBJECT_CONVERSION = YES_AGGRESSIVE;
				CLANG_CXX_LANGUAGE_STANDARD = "gnu++14";
				CLANG_CXX_LIBRARY = "libc++";
				CLANG_ENABLE_MODULES = YES;
				CLANG_ENABLE_OBJC_ARC = YES;
				CLANG_ENABLE_OBJC_WEAK = YES;
				CLANG_WARN_BLOCK_CAPTURE_AUTORELEASING = YES;
				CLANG_WARN_BOOL_CONVERSION = YES;
				CLANG_WARN_COMMA = YES;
				CLANG_WARN_CONSTANT_CONVERSION = YES;
				CLANG_WARN_DEPRECATED_OBJC_IMPLEMENTATIONS = YES;
				CLANG_WARN_DIRECT_OBJC_ISA_USAGE = YES_ERROR;
				CLANG_WARN_DOCUMENTATION_COMMENTS = YES;
				CLANG_WARN_EMPTY_BODY = YES;
				CLANG_WARN_ENUM_CONVERSION = YES;
				CLANG_WARN_INFINITE_RECURSION = YES;
				CLANG_WARN_INT_CONVERSION = YES;
				CLANG_WARN_NON_LITERAL_NULL_CONVERSION = YES;
				CLANG_WARN_OBJC_IMPLICIT_RETAIN_SELF = YES;
				CLANG_WARN_OBJC_LITERAL_CONVERSION = YES;
				CLANG_WARN_OBJC_ROOT_CLASS = YES_ERROR;
				CLANG_WARN_RANGE_LOOP_ANALYSIS = YES;
				CLANG_WARN_STRICT_PROTOTYPES = YES;
				CLANG_WARN_SUSPICIOUS_MOVE = YES;
				CLANG_WARN_UNGUARDED_AVAILABILITY = YES_AGGRESSIVE;
				CLANG_WARN_UNREACHABLE_CODE = YES;
				CLANG_WARN__DUPLICATE_METHOD_MATCH = YES;
				CODE_SIGN_IDENTITY = "iPhone Developer";
				COPY_PHASE_STRIP = NO;
				DEBUG_INFORMATION_FORMAT = dwarf;
				ENABLE_STRICT_OBJC_MSGSEND = YES;
				ENABLE_TESTABILITY = YES;
				GCC_C_LANGUAGE_STANDARD = gnu11;
				GCC_DYNAMIC_NO_PIC = NO;
				GCC_NO_COMMON_BLOCKS = YES;
				GCC_OPTIMIZATION_LEVEL = 0;
				GCC_PREPROCESSOR_DEFINITIONS = (
					"DEBUG=1",
					"$(inherited)",
				);
				GCC_WARN_64_TO_32_BIT_CONVERSION = YES;
				GCC_WARN_ABOUT_RETURN_TYPE = YES_ERROR;
				GCC_WARN_UNDECLARED_SELECTOR = YES;
				GCC_WARN_UNINITIALIZED_AUTOS = YES_AGGRESSIVE;
				GCC_WARN_UNUSED_FUNCTION = YES;
				GCC_WARN_UNUSED_VARIABLE = YES;
				IPHONEOS_DEPLOYMENT_TARGET = 12.1;
				MTL_ENABLE_DEBUG_INFO = INCLUDE_SOURCE;
				MTL_FAST_MATH = YES;
				ONLY_ACTIVE_ARCH = YES;
				SDKROOT = iphoneos;
				SWIFT_ACTIVE_COMPILATION_CONDITIONS = DEBUG;
				SWIFT_OPTIMIZATION_LEVEL = "-Onone";
			};
			name = Debug;
		};
		9416E11E220BA5F5009DD37F /* Release */ = {
			isa = XCBuildConfiguration;
			buildSettings = {
				ALWAYS_SEARCH_USER_PATHS = NO;
				CLANG_ANALYZER_NONNULL = YES;
				CLANG_ANALYZER_NUMBER_OBJECT_CONVERSION = YES_AGGRESSIVE;
				CLANG_CXX_LANGUAGE_STANDARD = "gnu++14";
				CLANG_CXX_LIBRARY = "libc++";
				CLANG_ENABLE_MODULES = YES;
				CLANG_ENABLE_OBJC_ARC = YES;
				CLANG_ENABLE_OBJC_WEAK = YES;
				CLANG_WARN_BLOCK_CAPTURE_AUTORELEASING = YES;
				CLANG_WARN_BOOL_CONVERSION = YES;
				CLANG_WARN_COMMA = YES;
				CLANG_WARN_CONSTANT_CONVERSION = YES;
				CLANG_WARN_DEPRECATED_OBJC_IMPLEMENTATIONS = YES;
				CLANG_WARN_DIRECT_OBJC_ISA_USAGE = YES_ERROR;
				CLANG_WARN_DOCUMENTATION_COMMENTS = YES;
				CLANG_WARN_EMPTY_BODY = YES;
				CLANG_WARN_ENUM_CONVERSION = YES;
				CLANG_WARN_INFINITE_RECURSION = YES;
				CLANG_WARN_INT_CONVERSION = YES;
				CLANG_WARN_NON_LITERAL_NULL_CONVERSION = YES;
				CLANG_WARN_OBJC_IMPLICIT_RETAIN_SELF = YES;
				CLANG_WARN_OBJC_LITERAL_CONVERSION = YES;
				CLANG_WARN_OBJC_ROOT_CLASS = YES_ERROR;
				CLANG_WARN_RANGE_LOOP_ANALYSIS = YES;
				CLANG_WARN_STRICT_PROTOTYPES = YES;
				CLANG_WARN_SUSPICIOUS_MOVE = YES;
				CLANG_WARN_UNGUARDED_AVAILABILITY = YES_AGGRESSIVE;
				CLANG_WARN_UNREACHABLE_CODE = YES;
				CLANG_WARN__DUPLICATE_METHOD_MATCH = YES;
				CODE_SIGN_IDENTITY = "iPhone Developer";
				COPY_PHASE_STRIP = NO;
				DEBUG_INFORMATION_FORMAT = "dwarf-with-dsym";
				ENABLE_NS_ASSERTIONS = NO;
				ENABLE_STRICT_OBJC_MSGSEND = YES;
				GCC_C_LANGUAGE_STANDARD = gnu11;
				GCC_NO_COMMON_BLOCKS = YES;
				GCC_WARN_64_TO_32_BIT_CONVERSION = YES;
				GCC_WARN_ABOUT_RETURN_TYPE = YES_ERROR;
				GCC_WARN_UNDECLARED_SELECTOR = YES;
				GCC_WARN_UNINITIALIZED_AUTOS = YES_AGGRESSIVE;
				GCC_WARN_UNUSED_FUNCTION = YES;
				GCC_WARN_UNUSED_VARIABLE = YES;
				IPHONEOS_DEPLOYMENT_TARGET = 12.1;
				MTL_ENABLE_DEBUG_INFO = NO;
				MTL_FAST_MATH = YES;
				SDKROOT = iphoneos;
				SWIFT_COMPILATION_MODE = wholemodule;
				SWIFT_OPTIMIZATION_LEVEL = "-O";
				VALIDATE_PRODUCT = YES;
			};
			name = Release;
		};
		9416E120220BA5F5009DD37F /* Debug */ = {
			isa = XCBuildConfiguration;
			buildSettings = {
				ASSETCATALOG_COMPILER_APPICON_NAME = AppIcon;
				CODE_SIGN_STYLE = Automatic;
				DEVELOPMENT_TEAM = 2FNCA9GMZ3;
				INFOPLIST_FILE = Todoey/Info.plist;
				LD_RUNPATH_SEARCH_PATHS = (
					"$(inherited)",
					"@executable_path/Frameworks",
				);
				PRODUCT_BUNDLE_IDENTIFIER = "com.keagan-b.Todoey";
				PRODUCT_NAME = "$(TARGET_NAME)";
				SWIFT_VERSION = 4.2;
				TARGETED_DEVICE_FAMILY = "1,2";
			};
			name = Debug;
		};
		9416E121220BA5F5009DD37F /* Release */ = {
			isa = XCBuildConfiguration;
			buildSettings = {
				ASSETCATALOG_COMPILER_APPICON_NAME = AppIcon;
				CODE_SIGN_STYLE = Automatic;
				DEVELOPMENT_TEAM = 2FNCA9GMZ3;
				INFOPLIST_FILE = Todoey/Info.plist;
				LD_RUNPATH_SEARCH_PATHS = (
					"$(inherited)",
					"@executable_path/Frameworks",
				);
				PRODUCT_BUNDLE_IDENTIFIER = "com.keagan-b.Todoey";
				PRODUCT_NAME = "$(TARGET_NAME)";
				SWIFT_VERSION = 4.2;
				TARGETED_DEVICE_FAMILY = "1,2";
			};
			name = Release;
		};
/* End XCBuildConfiguration section */

/* Begin XCConfigurationList section */
		9416E108220BA5F3009DD37F /* Build configuration list for PBXProject "Todoey" */ = {
			isa = XCConfigurationList;
			buildConfigurations = (
				9416E11D220BA5F5009DD37F /* Debug */,
				9416E11E220BA5F5009DD37F /* Release */,
			);
			defaultConfigurationIsVisible = 0;
			defaultConfigurationName = Release;
		};
		9416E11F220BA5F5009DD37F /* Build configuration list for PBXNativeTarget "Todoey" */ = {
			isa = XCConfigurationList;
			buildConfigurations = (
				9416E120220BA5F5009DD37F /* Debug */,
				9416E121220BA5F5009DD37F /* Release */,
			);
			defaultConfigurationIsVisible = 0;
			defaultConfigurationName = Release;
		};
/* End XCConfigurationList section */

/* Begin XCVersionGroup section */
		9493E20E225F254B007203BE /* DataModel.xcdatamodeld */ = {
			isa = XCVersionGroup;
			children = (
				9493E20F225F254B007203BE /* DataModel.xcdatamodel */,
			);
			currentVersion = 9493E20F225F254B007203BE /* DataModel.xcdatamodel */;
			path = DataModel.xcdatamodeld;
			sourceTree = "<group>";
			versionGroupType = wrapper.xcdatamodel;
		};
/* End XCVersionGroup section */
	};
	rootObject = 9416E105220BA5F3009DD37F /* Project object */;
}
